
Microsoft Visual Studio Solution File, Format Version 12.00
# Visual Studio 15
VisualStudioVersion = 15.0.26730.16
MinimumVisualStudioVersion = 10.0.40219.1
Project("{FAE04EC0-301F-11D3-BF4B-00C04F79EFBC}") = "Biblio", "Biblio\Biblio.csproj", "{026302C9-F88B-4B77-B0B0-AD603092382A}"
EndProject
Project("{FAE04EC0-301F-11D3-BF4B-00C04F79EFBC}") = "WindowsForms", "WindowsForms\WindowsForms.csproj", "{C1DC22E5-6D26-4932-B9B5-D0FE2C61DDDE}"
EndProject
Project("{FAE04EC0-301F-11D3-BF4B-00C04F79EFBC}") = "Service", "Service\Service.csproj", "{F113A5CB-86D6-4B50-9AAE-AB89B930AAF0}"
EndProject
Project("{FAE04EC0-301F-11D3-BF4B-00C04F79EFBC}") = "Host", "Host\Host.csproj", "{7FE21320-1399-4962-923D-669FF6329C96}"
EndProject
Project("{FAE04EC0-301F-11D3-BF4B-00C04F79EFBC}") = "BibliotecaWeb", "BibliotecaWeb\BibliotecaWeb.csproj", "{3B554FDA-891B-47A4-87A9-0484560EED51}"
EndProject
Global
	GlobalSection(SolutionConfigurationPlatforms) = preSolution
		Debug|Any CPU = Debug|Any CPU
		Release|Any CPU = Release|Any CPU
	EndGlobalSection
	GlobalSection(ProjectConfigurationPlatforms) = postSolution
		{026302C9-F88B-4B77-B0B0-AD603092382A}.Debug|Any CPU.ActiveCfg = Debug|Any CPU
		{026302C9-F88B-4B77-B0B0-AD603092382A}.Debug|Any CPU.Build.0 = Debug|Any CPU
		{026302C9-F88B-4B77-B0B0-AD603092382A}.Release|Any CPU.ActiveCfg = Release|Any CPU
		{026302C9-F88B-4B77-B0B0-AD603092382A}.Release|Any CPU.Build.0 = Release|Any CPU
		{C1DC22E5-6D26-4932-B9B5-D0FE2C61DDDE}.Debug|Any CPU.ActiveCfg = Debug|Any CPU
		{C1DC22E5-6D26-4932-B9B5-D0FE2C61DDDE}.Debug|Any CPU.Build.0 = Debug|Any CPU
		{C1DC22E5-6D26-4932-B9B5-D0FE2C61DDDE}.Release|Any CPU.ActiveCfg = Release|Any CPU
		{C1DC22E5-6D26-4932-B9B5-D0FE2C61DDDE}.Release|Any CPU.Build.0 = Release|Any CPU
		{F113A5CB-86D6-4B50-9AAE-AB89B930AAF0}.Debug|Any CPU.ActiveCfg = Debug|Any CPU
		{F113A5CB-86D6-4B50-9AAE-AB89B930AAF0}.Debug|Any CPU.Build.0 = Debug|Any CPU
		{F113A5CB-86D6-4B50-9AAE-AB89B930AAF0}.Release|Any CPU.ActiveCfg = Release|Any CPU
		{F113A5CB-86D6-4B50-9AAE-AB89B930AAF0}.Release|Any CPU.Build.0 = Release|Any CPU
		{7FE21320-1399-4962-923D-669FF6329C96}.Debug|Any CPU.ActiveCfg = Debug|Any CPU
		{7FE21320-1399-4962-923D-669FF6329C96}.Debug|Any CPU.Build.0 = Debug|Any CPU
		{7FE21320-1399-4962-923D-669FF6329C96}.Release|Any CPU.ActiveCfg = Release|Any CPU
		{7FE21320-1399-4962-923D-669FF6329C96}.Release|Any CPU.Build.0 = Release|Any CPU
		{3B554FDA-891B-47A4-87A9-0484560EED51}.Debug|Any CPU.ActiveCfg = Debug|Any CPU
		{3B554FDA-891B-47A4-87A9-0484560EED51}.Debug|Any CPU.Build.0 = Debug|Any CPU
		{3B554FDA-891B-47A4-87A9-0484560EED51}.Release|Any CPU.ActiveCfg = Release|Any CPU
		{3B554FDA-891B-47A4-87A9-0484560EED51}.Release|Any CPU.Build.0 = Release|Any CPU
	EndGlobalSection
	GlobalSection(SolutionProperties) = preSolution
		HideSolutionNode = FALSE
	EndGlobalSection
	GlobalSection(ExtensibilityGlobals) = postSolution
		SolutionGuid = {9F2BE79F-A654-4B34-B575-433953A8C56C}
	EndGlobalSection
EndGlobal
